
Microsoft Visual Studio Solution File, Format Version 12.00
# Visual Studio 15
VisualStudioVersion = 15.0.28307.1062
MinimumVisualStudioVersion = 10.0.40219.1
Project("{FAE04EC0-301F-11D3-BF4B-00C04F79EFBC}") = "Atomicx.Mvvmlight.AppcompatStd", "Atomicx.Mvvmlight.AppcompatStd\Atomicx.Mvvmlight.AppcompatStd.csproj", "{EC89E24F-F218-4834-87F6-9101AD66569F}"
EndProject
Global
	GlobalSection(SolutionConfigurationPlatforms) = preSolution
		Debug|Any CPU = Debug|Any CPU
		Release|Any CPU = Release|Any CPU
	EndGlobalSection
	GlobalSection(ProjectConfigurationPlatforms) = postSolution
		{EC89E24F-F218-4834-87F6-9101AD66569F}.Debug|Any CPU.ActiveCfg = Debug|Any CPU
		{EC89E24F-F218-4834-87F6-9101AD66569F}.Debug|Any CPU.Build.0 = Debug|Any CPU
		{EC89E24F-F218-4834-87F6-9101AD66569F}.Release|Any CPU.ActiveCfg = Release|Any CPU
		{EC89E24F-F218-4834-87F6-9101AD66569F}.Release|Any CPU.Build.0 = Release|Any CPU
	EndGlobalSection
	GlobalSection(SolutionProperties) = preSolution
		HideSolutionNode = FALSE
	EndGlobalSection
	GlobalSection(ExtensibilityGlobals) = postSolution
		SolutionGuid = {94006A8E-E560-43C4-A7C7-BF900FEE0A6F}
	EndGlobalSection
EndGlobal
